
Microsoft Visual Studio Solution File, Format Version 12.00
# Visual Studio 2013
VisualStudioVersion = 12.0.30723.0
MinimumVisualStudioVersion = 10.0.40219.1
Project("{FAE04EC0-301F-11D3-BF4B-00C04F79EFBC}") = "QTCC_Server", "QTCC_Server\QTCC_Server.csproj", "{71F4DFED-D9C3-4194-9B7B-2506D03E81EE}"
EndProject
Project("{FAE04EC0-301F-11D3-BF4B-00C04F79EFBC}") = "CFG_BD_XML", "CFG_BD_XML\CFG_BD_XML.csproj", "{5F621113-E719-4482-92A2-B75C81743678}"
EndProject
Global
	GlobalSection(SolutionConfigurationPlatforms) = preSolution
		Debug|Any CPU = Debug|Any CPU
		Release|Any CPU = Release|Any CPU
	EndGlobalSection
	GlobalSection(ProjectConfigurationPlatforms) = postSolution
		{71F4DFED-D9C3-4194-9B7B-2506D03E81EE}.Debug|Any CPU.ActiveCfg = Debug|Any CPU
		{71F4DFED-D9C3-4194-9B7B-2506D03E81EE}.Debug|Any CPU.Build.0 = Debug|Any CPU
		{71F4DFED-D9C3-4194-9B7B-2506D03E81EE}.Release|Any CPU.ActiveCfg = Release|Any CPU
		{71F4DFED-D9C3-4194-9B7B-2506D03E81EE}.Release|Any CPU.Build.0 = Release|Any CPU
		{5F621113-E719-4482-92A2-B75C81743678}.Debug|Any CPU.ActiveCfg = Debug|Any CPU
		{5F621113-E719-4482-92A2-B75C81743678}.Debug|Any CPU.Build.0 = Debug|Any CPU
		{5F621113-E719-4482-92A2-B75C81743678}.Release|Any CPU.ActiveCfg = Release|Any CPU
		{5F621113-E719-4482-92A2-B75C81743678}.Release|Any CPU.Build.0 = Release|Any CPU
	EndGlobalSection
	GlobalSection(SolutionProperties) = preSolution
		HideSolutionNode = FALSE
	EndGlobalSection
EndGlobal
